
Microsoft Visual Studio Solution File, Format Version 12.00
# Visual Studio 15
VisualStudioVersion = 15.0.26124.0
MinimumVisualStudioVersion = 15.0.26124.0
Project("{2150E333-8FDC-42A3-9474-1A3956D46DE8}") = "src", "src", "{90D364F4-1941-4B64-9A22-4B59EFD863BF}"
EndProject
Project("{FAE04EC0-301F-11D3-BF4B-00C04F79EFBC}") = "FavoDeMel.Api", "src\FavoDeMel.Api\FavoDeMel.Api.csproj", "{8EEA7940-5994-4132-9C42-62B467001177}"
EndProject
Project("{2150E333-8FDC-42A3-9474-1A3956D46DE8}") = "test", "test", "{21BC72BA-74D1-4450-A806-D845D83550DF}"
EndProject
Project("{FAE04EC0-301F-11D3-BF4B-00C04F79EFBC}") = "FavoDeMel.Tests", "test\FavoDeMel.Tests\FavoDeMel.Tests.csproj", "{A5430EF4-6D06-4ED9-AA6C-47FA00974DE8}"
EndProject
Project("{FAE04EC0-301F-11D3-BF4B-00C04F79EFBC}") = "FavoDeMel.Core", "src\FavoDeMel.Core\FavoDeMel.Core.csproj", "{D4080FA0-EFCD-457D-AB14-D6FA6A59116E}"
EndProject
Project("{FAE04EC0-301F-11D3-BF4B-00C04F79EFBC}") = "FavoDeMel.Application", "src\FavoDeMel.Application\FavoDeMel.Application.csproj", "{EC0C19D7-0DCA-46B9-A6BB-BF6736F36C06}"
EndProject
Project("{FAE04EC0-301F-11D3-BF4B-00C04F79EFBC}") = "FavoDeMel.Infrastructure", "src\FavoDeMel.Infrastructure\FavoDeMel.Infrastructure.csproj", "{65D7779F-BD1E-41E1-88AB-F274979AC836}"
EndProject
Project("{FAE04EC0-301F-11D3-BF4B-00C04F79EFBC}") = "FavoDeMel.Shared", "src\FavoDeMel.Shared\FavoDeMel.Shared.csproj", "{8D5F42A6-2E8D-40B1-9828-F146F198CA56}"
EndProject
Global
	GlobalSection(SolutionConfigurationPlatforms) = preSolution
		Debug|Any CPU = Debug|Any CPU
		Debug|x64 = Debug|x64
		Debug|x86 = Debug|x86
		Release|Any CPU = Release|Any CPU
		Release|x64 = Release|x64
		Release|x86 = Release|x86
	EndGlobalSection
	GlobalSection(SolutionProperties) = preSolution
		HideSolutionNode = FALSE
	EndGlobalSection
	GlobalSection(ProjectConfigurationPlatforms) = postSolution
		{8EEA7940-5994-4132-9C42-62B467001177}.Debug|Any CPU.ActiveCfg = Debug|Any CPU
		{8EEA7940-5994-4132-9C42-62B467001177}.Debug|Any CPU.Build.0 = Debug|Any CPU
		{8EEA7940-5994-4132-9C42-62B467001177}.Debug|x64.ActiveCfg = Debug|Any CPU
		{8EEA7940-5994-4132-9C42-62B467001177}.Debug|x64.Build.0 = Debug|Any CPU
		{8EEA7940-5994-4132-9C42-62B467001177}.Debug|x86.ActiveCfg = Debug|Any CPU
		{8EEA7940-5994-4132-9C42-62B467001177}.Debug|x86.Build.0 = Debug|Any CPU
		{8EEA7940-5994-4132-9C42-62B467001177}.Release|Any CPU.ActiveCfg = Release|Any CPU
		{8EEA7940-5994-4132-9C42-62B467001177}.Release|Any CPU.Build.0 = Release|Any CPU
		{8EEA7940-5994-4132-9C42-62B467001177}.Release|x64.ActiveCfg = Release|Any CPU
		{8EEA7940-5994-4132-9C42-62B467001177}.Release|x64.Build.0 = Release|Any CPU
		{8EEA7940-5994-4132-9C42-62B467001177}.Release|x86.ActiveCfg = Release|Any CPU
		{8EEA7940-5994-4132-9C42-62B467001177}.Release|x86.Build.0 = Release|Any CPU
		{A5430EF4-6D06-4ED9-AA6C-47FA00974DE8}.Debug|Any CPU.ActiveCfg = Debug|Any CPU
		{A5430EF4-6D06-4ED9-AA6C-47FA00974DE8}.Debug|Any CPU.Build.0 = Debug|Any CPU
		{A5430EF4-6D06-4ED9-AA6C-47FA00974DE8}.Debug|x64.ActiveCfg = Debug|Any CPU
		{A5430EF4-6D06-4ED9-AA6C-47FA00974DE8}.Debug|x64.Build.0 = Debug|Any CPU
		{A5430EF4-6D06-4ED9-AA6C-47FA00974DE8}.Debug|x86.ActiveCfg = Debug|Any CPU
		{A5430EF4-6D06-4ED9-AA6C-47FA00974DE8}.Debug|x86.Build.0 = Debug|Any CPU
		{A5430EF4-6D06-4ED9-AA6C-47FA00974DE8}.Release|Any CPU.ActiveCfg = Release|Any CPU
		{A5430EF4-6D06-4ED9-AA6C-47FA00974DE8}.Release|Any CPU.Build.0 = Release|Any CPU
		{A5430EF4-6D06-4ED9-AA6C-47FA00974DE8}.Release|x64.ActiveCfg = Release|Any CPU
		{A5430EF4-6D06-4ED9-AA6C-47FA00974DE8}.Release|x64.Build.0 = Release|Any CPU
		{A5430EF4-6D06-4ED9-AA6C-47FA00974DE8}.Release|x86.ActiveCfg = Release|Any CPU
		{A5430EF4-6D06-4ED9-AA6C-47FA00974DE8}.Release|x86.Build.0 = Release|Any CPU
		{D4080FA0-EFCD-457D-AB14-D6FA6A59116E}.Debug|Any CPU.ActiveCfg = Debug|Any CPU
		{D4080FA0-EFCD-457D-AB14-D6FA6A59116E}.Debug|Any CPU.Build.0 = Debug|Any CPU
		{D4080FA0-EFCD-457D-AB14-D6FA6A59116E}.Debug|x64.ActiveCfg = Debug|Any CPU
		{D4080FA0-EFCD-457D-AB14-D6FA6A59116E}.Debug|x64.Build.0 = Debug|Any CPU
		{D4080FA0-EFCD-457D-AB14-D6FA6A59116E}.Debug|x86.ActiveCfg = Debug|Any CPU
		{D4080FA0-EFCD-457D-AB14-D6FA6A59116E}.Debug|x86.Build.0 = Debug|Any CPU
		{D4080FA0-EFCD-457D-AB14-D6FA6A59116E}.Release|Any CPU.ActiveCfg = Release|Any CPU
		{D4080FA0-EFCD-457D-AB14-D6FA6A59116E}.Release|Any CPU.Build.0 = Release|Any CPU
		{D4080FA0-EFCD-457D-AB14-D6FA6A59116E}.Release|x64.ActiveCfg = Release|Any CPU
		{D4080FA0-EFCD-457D-AB14-D6FA6A59116E}.Release|x64.Build.0 = Release|Any CPU
		{D4080FA0-EFCD-457D-AB14-D6FA6A59116E}.Release|x86.ActiveCfg = Release|Any CPU
		{D4080FA0-EFCD-457D-AB14-D6FA6A59116E}.Release|x86.Build.0 = Release|Any CPU
		{EC0C19D7-0DCA-46B9-A6BB-BF6736F36C06}.Debug|Any CPU.ActiveCfg = Debug|Any CPU
		{EC0C19D7-0DCA-46B9-A6BB-BF6736F36C06}.Debug|Any CPU.Build.0 = Debug|Any CPU
		{EC0C19D7-0DCA-46B9-A6BB-BF6736F36C06}.Debug|x64.ActiveCfg = Debug|Any CPU
		{EC0C19D7-0DCA-46B9-A6BB-BF6736F36C06}.Debug|x64.Build.0 = Debug|Any CPU
		{EC0C19D7-0DCA-46B9-A6BB-BF6736F36C06}.Debug|x86.ActiveCfg = Debug|Any CPU
		{EC0C19D7-0DCA-46B9-A6BB-BF6736F36C06}.Debug|x86.Build.0 = Debug|Any CPU
		{EC0C19D7-0DCA-46B9-A6BB-BF6736F36C06}.Release|Any CPU.ActiveCfg = Release|Any CPU
		{EC0C19D7-0DCA-46B9-A6BB-BF6736F36C06}.Release|Any CPU.Build.0 = Release|Any CPU
		{EC0C19D7-0DCA-46B9-A6BB-BF6736F36C06}.Release|x64.ActiveCfg = Release|Any CPU
		{EC0C19D7-0DCA-46B9-A6BB-BF6736F36C06}.Release|x64.Build.0 = Release|Any CPU
		{EC0C19D7-0DCA-46B9-A6BB-BF6736F36C06}.Release|x86.ActiveCfg = Release|Any CPU
		{EC0C19D7-0DCA-46B9-A6BB-BF6736F36C06}.Release|x86.Build.0 = Release|Any CPU
		{65D7779F-BD1E-41E1-88AB-F274979AC836}.Debug|Any CPU.ActiveCfg = Debug|Any CPU
		{65D7779F-BD1E-41E1-88AB-F274979AC836}.Debug|Any CPU.Build.0 = Debug|Any CPU
		{65D7779F-BD1E-41E1-88AB-F274979AC836}.Debug|x64.ActiveCfg = Debug|Any CPU
		{65D7779F-BD1E-41E1-88AB-F274979AC836}.Debug|x64.Build.0 = Debug|Any CPU
		{65D7779F-BD1E-41E1-88AB-F274979AC836}.Debug|x86.ActiveCfg = Debug|Any CPU
		{65D7779F-BD1E-41E1-88AB-F274979AC836}.Debug|x86.Build.0 = Debug|Any CPU
		{65D7779F-BD1E-41E1-88AB-F274979AC836}.Release|Any CPU.ActiveCfg = Release|Any CPU
		{65D7779F-BD1E-41E1-88AB-F274979AC836}.Release|Any CPU.Build.0 = Release|Any CPU
		{65D7779F-BD1E-41E1-88AB-F274979AC836}.Release|x64.ActiveCfg = Release|Any CPU
		{65D7779F-BD1E-41E1-88AB-F274979AC836}.Release|x64.Build.0 = Release|Any CPU
		{65D7779F-BD1E-41E1-88AB-F274979AC836}.Release|x86.ActiveCfg = Release|Any CPU
		{65D7779F-BD1E-41E1-88AB-F274979AC836}.Release|x86.Build.0 = Release|Any CPU
		{8D5F42A6-2E8D-40B1-9828-F146F198CA56}.Debug|Any CPU.ActiveCfg = Debug|Any CPU
		{8D5F42A6-2E8D-40B1-9828-F146F198CA56}.Debug|Any CPU.Build.0 = Debug|Any CPU
		{8D5F42A6-2E8D-40B1-9828-F146F198CA56}.Debug|x64.ActiveCfg = Debug|Any CPU
		{8D5F42A6-2E8D-40B1-9828-F146F198CA56}.Debug|x64.Build.0 = Debug|Any CPU
		{8D5F42A6-2E8D-40B1-9828-F146F198CA56}.Debug|x86.ActiveCfg = Debug|Any CPU
		{8D5F42A6-2E8D-40B1-9828-F146F198CA56}.Debug|x86.Build.0 = Debug|Any CPU
		{8D5F42A6-2E8D-40B1-9828-F146F198CA56}.Release|Any CPU.ActiveCfg = Release|Any CPU
		{8D5F42A6-2E8D-40B1-9828-F146F198CA56}.Release|Any CPU.Build.0 = Release|Any CPU
		{8D5F42A6-2E8D-40B1-9828-F146F198CA56}.Release|x64.ActiveCfg = Release|Any CPU
		{8D5F42A6-2E8D-40B1-9828-F146F198CA56}.Release|x64.Build.0 = Release|Any CPU
		{8D5F42A6-2E8D-40B1-9828-F146F198CA56}.Release|x86.ActiveCfg = Release|Any CPU
		{8D5F42A6-2E8D-40B1-9828-F146F198CA56}.Release|x86.Build.0 = Release|Any CPU
	EndGlobalSection
	GlobalSection(NestedProjects) = preSolution
		{8EEA7940-5994-4132-9C42-62B467001177} = {90D364F4-1941-4B64-9A22-4B59EFD863BF}
		{A5430EF4-6D06-4ED9-AA6C-47FA00974DE8} = {21BC72BA-74D1-4450-A806-D845D83550DF}
		{D4080FA0-EFCD-457D-AB14-D6FA6A59116E} = {90D364F4-1941-4B64-9A22-4B59EFD863BF}
		{EC0C19D7-0DCA-46B9-A6BB-BF6736F36C06} = {90D364F4-1941-4B64-9A22-4B59EFD863BF}
		{65D7779F-BD1E-41E1-88AB-F274979AC836} = {90D364F4-1941-4B64-9A22-4B59EFD863BF}
		{8D5F42A6-2E8D-40B1-9828-F146F198CA56} = {90D364F4-1941-4B64-9A22-4B59EFD863BF}
	EndGlobalSection
EndGlobal
